Microsoft Visual Studio Solution File, Format Version 12.00
# Visual Studio Version 17
VisualStudioVersion = 17.5.2.0
MinimumVisualStudioVersion = 10.0.40219.1
Project("{FAE04EC0-301F-11D3-BF4B-00C04F79EFBC}") = "lab02", "lab02\lab02.csproj", "{6A78A15E-202A-8961-E0A8-577A45F05B61}"
EndProject
Project("{2150E333-8FDC-42A3-9474-1A3956D46DE8}") = "lab01", "lab01", "{EE75C665-CF0B-E757-6772-FD49DA9E1E54}"
EndProject
Project("{FAE04EC0-301F-11D3-BF4B-00C04F79EFBC}") = "FlightSim", "lab01\FlightSim\FlightSim.csproj", "{8D5735BE-6FE4-9293-099B-9D7B51B7BB93}"
EndProject
Global
	GlobalSection(SolutionConfigurationPlatforms) = preSolution
		Debug|Any CPU = Debug|Any CPU
		Release|Any CPU = Release|Any CPU
	EndGlobalSection
	GlobalSection(ProjectConfigurationPlatforms) = postSolution
		{6A78A15E-202A-8961-E0A8-577A45F05B61}.Debug|Any CPU.ActiveCfg = Debug|Any CPU
		{6A78A15E-202A-8961-E0A8-577A45F05B61}.Debug|Any CPU.Build.0 = Debug|Any CPU
		{6A78A15E-202A-8961-E0A8-577A45F05B61}.Release|Any CPU.ActiveCfg = Release|Any CPU
		{6A78A15E-202A-8961-E0A8-577A45F05B61}.Release|Any CPU.Build.0 = Release|Any CPU
		{8D5735BE-6FE4-9293-099B-9D7B51B7BB93}.Debug|Any CPU.ActiveCfg = Debug|Any CPU
		{8D5735BE-6FE4-9293-099B-9D7B51B7BB93}.Debug|Any CPU.Build.0 = Debug|Any CPU
		{8D5735BE-6FE4-9293-099B-9D7B51B7BB93}.Release|Any CPU.ActiveCfg = Release|Any CPU
		{8D5735BE-6FE4-9293-099B-9D7B51B7BB93}.Release|Any CPU.Build.0 = Release|Any CPU
	EndGlobalSection
	GlobalSection(SolutionProperties) = preSolution
		HideSolutionNode = FALSE
	EndGlobalSection
	GlobalSection(NestedProjects) = preSolution
		{8D5735BE-6FE4-9293-099B-9D7B51B7BB93} = {EE75C665-CF0B-E757-6772-FD49DA9E1E54}
	EndGlobalSection
	GlobalSection(ExtensibilityGlobals) = postSolution
		SolutionGuid = {673BFC6E-202A-40AA-B2DB-089D171BA38D}
	EndGlobalSection
EndGlobal
